
Microsoft Visual Studio Solution File, Format Version 12.00
# Visual Studio Version 17
VisualStudioVersion = 17.6.33815.320
MinimumVisualStudioVersion = 10.0.40219.1
Project("{FAE04EC0-301F-11D3-BF4B-00C04F79EFBC}") = "WebApplication1", "WebApplication1\WebApplication1.csproj", "{5F0850A3-C7D2-4CC3-9A89-CD56ED14E4FB}"
EndProject
Global
	GlobalSection(SolutionConfigurationPlatforms) = preSolution
		Debug|Any CPU = Debug|Any CPU
		Release|Any CPU = Release|Any CPU
	EndGlobalSection
	GlobalSection(ProjectConfigurationPlatforms) = postSolution
		{5F0850A3-C7D2-4CC3-9A89-CD56ED14E4FB}.Debug|Any CPU.ActiveCfg = Debug|Any CPU
		{5F0850A3-C7D2-4CC3-9A89-CD56ED14E4FB}.Debug|Any CPU.Build.0 = Debug|Any CPU
		{5F0850A3-C7D2-4CC3-9A89-CD56ED14E4FB}.Release|Any CPU.ActiveCfg = Release|Any CPU
		{5F0850A3-C7D2-4CC3-9A89-CD56ED14E4FB}.Release|Any CPU.Build.0 = Release|Any CPU
	EndGlobalSection
	GlobalSection(SolutionProperties) = preSolution
		HideSolutionNode = FALSE
	EndGlobalSection
	GlobalSection(ExtensibilityGlobals) = postSolution
		SolutionGuid = {0099FB9A-2042-4180-8604-E2605652D50B}
	EndGlobalSection
EndGlobal
